
Microsoft Visual Studio Solution File, Format Version 12.00
# Visual Studio 15
VisualStudioVersion = 15.0.27428.2037
MinimumVisualStudioVersion = 10.0.40219.1
Project("{FAE04EC0-301F-11D3-BF4B-00C04F79EFBC}") = "Simple2DBarSeriesTutorial_WPF_NB", "Simple2DBarSeriesTutorial_WPF_NB\Simple2DBarSeriesTutorial_WPF_NB.csproj", "{64C19FFA-BA7F-46E2-A275-DAA6118667CE}"
EndProject
Project("{FAE04EC0-301F-11D3-BF4B-00C04F79EFBC}") = "Simple2DBarSeriesTutorial_WPF_SB", "Simple2DBarSeriesTutorial_WPF_SB\Simple2DBarSeriesTutorial_WPF_SB.csproj", "{2C3D107A-EC8B-49F4-B8AC-27E7EE838C97}"
EndProject
Project("{FAE04EC0-301F-11D3-BF4B-00C04F79EFBC}") = "Simple2DBarSeriesTutorial_WF", "Simple2DBarSeriesTutorial_WF\Simple2DBarSeriesTutorial_WF.csproj", "{8098AAA2-52E0-4699-8DE2-935D05073172}"
EndProject
Global
	GlobalSection(SolutionConfigurationPlatforms) = preSolution
		Debug|Any CPU = Debug|Any CPU
		Release|Any CPU = Release|Any CPU
	EndGlobalSection
	GlobalSection(ProjectConfigurationPlatforms) = postSolution
		{64C19FFA-BA7F-46E2-A275-DAA6118667CE}.Debug|Any CPU.ActiveCfg = Debug|Any CPU
		{64C19FFA-BA7F-46E2-A275-DAA6118667CE}.Debug|Any CPU.Build.0 = Debug|Any CPU
		{64C19FFA-BA7F-46E2-A275-DAA6118667CE}.Release|Any CPU.ActiveCfg = Release|Any CPU
		{64C19FFA-BA7F-46E2-A275-DAA6118667CE}.Release|Any CPU.Build.0 = Release|Any CPU
		{2C3D107A-EC8B-49F4-B8AC-27E7EE838C97}.Debug|Any CPU.ActiveCfg = Debug|Any CPU
		{2C3D107A-EC8B-49F4-B8AC-27E7EE838C97}.Debug|Any CPU.Build.0 = Debug|Any CPU
		{2C3D107A-EC8B-49F4-B8AC-27E7EE838C97}.Release|Any CPU.ActiveCfg = Release|Any CPU
		{2C3D107A-EC8B-49F4-B8AC-27E7EE838C97}.Release|Any CPU.Build.0 = Release|Any CPU
		{8098AAA2-52E0-4699-8DE2-935D05073172}.Debug|Any CPU.ActiveCfg = Debug|Any CPU
		{8098AAA2-52E0-4699-8DE2-935D05073172}.Debug|Any CPU.Build.0 = Debug|Any CPU
		{8098AAA2-52E0-4699-8DE2-935D05073172}.Release|Any CPU.ActiveCfg = Release|Any CPU
		{8098AAA2-52E0-4699-8DE2-935D05073172}.Release|Any CPU.Build.0 = Release|Any CPU
	EndGlobalSection
	GlobalSection(SolutionProperties) = preSolution
		HideSolutionNode = FALSE
	EndGlobalSection
	GlobalSection(ExtensibilityGlobals) = postSolution
		SolutionGuid = {E54A36D8-DB27-4970-840D-3CF8FCB7AD6D}
	EndGlobalSection
EndGlobal
